
Microsoft Visual Studio Solution File, Format Version 12.00
# Visual Studio Version 17
VisualStudioVersion = 17.1.32328.378
MinimumVisualStudioVersion = 10.0.40219.1
Project("{FAE04EC0-301F-11D3-BF4B-00C04F79EFBC}") = "Tyuiu.SemenovIA.Task1.V6", "Tyuiu.SemenovIA.Task1.V6.csproj", "{3D01369B-F8D5-4A47-96CC-4BA9A0AF72C6}"
EndProject
Global
	GlobalSection(SolutionConfigurationPlatforms) = preSolution
		Debug|Any CPU = Debug|Any CPU
		Release|Any CPU = Release|Any CPU
	EndGlobalSection
	GlobalSection(ProjectConfigurationPlatforms) = postSolution
		{3D01369B-F8D5-4A47-96CC-4BA9A0AF72C6}.Debug|Any CPU.ActiveCfg = Debug|Any CPU
		{3D01369B-F8D5-4A47-96CC-4BA9A0AF72C6}.Debug|Any CPU.Build.0 = Debug|Any CPU
		{3D01369B-F8D5-4A47-96CC-4BA9A0AF72C6}.Release|Any CPU.ActiveCfg = Release|Any CPU
		{3D01369B-F8D5-4A47-96CC-4BA9A0AF72C6}.Release|Any CPU.Build.0 = Release|Any CPU
	EndGlobalSection
	GlobalSection(SolutionProperties) = preSolution
		HideSolutionNode = FALSE
	EndGlobalSection
	GlobalSection(ExtensibilityGlobals) = postSolution
		SolutionGuid = {B697D590-2E44-4A23-8F10-411F61030525}
	EndGlobalSection
EndGlobal
